
Microsoft Visual Studio Solution File, Format Version 12.00
# Visual Studio Version 16
VisualStudioVersion = 16.0.28803.202
MinimumVisualStudioVersion = 10.0.40219.1
Project("{8BC9CEB8-8B4A-11D0-8D11-00A0C91BC942}") = "Enykeev", "Enykeev\Enykeev.vcxproj", "{54B89D37-37A2-4BCD-A74F-D0A2844F4C59}"
EndProject
Global
	GlobalSection(SolutionConfigurationPlatforms) = preSolution
		Debug|x64 = Debug|x64
		Debug|x86 = Debug|x86
		Release|x64 = Release|x64
		Release|x86 = Release|x86
	EndGlobalSection
	GlobalSection(ProjectConfigurationPlatforms) = postSolution
		{54B89D37-37A2-4BCD-A74F-D0A2844F4C59}.Debug|x64.ActiveCfg = Debug|x64
		{54B89D37-37A2-4BCD-A74F-D0A2844F4C59}.Debug|x64.Build.0 = Debug|x64
		{54B89D37-37A2-4BCD-A74F-D0A2844F4C59}.Debug|x86.ActiveCfg = Debug|Win32
		{54B89D37-37A2-4BCD-A74F-D0A2844F4C59}.Debug|x86.Build.0 = Debug|Win32
		{54B89D37-37A2-4BCD-A74F-D0A2844F4C59}.Release|x64.ActiveCfg = Release|x64
		{54B89D37-37A2-4BCD-A74F-D0A2844F4C59}.Release|x64.Build.0 = Release|x64
		{54B89D37-37A2-4BCD-A74F-D0A2844F4C59}.Release|x86.ActiveCfg = Release|Win32
		{54B89D37-37A2-4BCD-A74F-D0A2844F4C59}.Release|x86.Build.0 = Release|Win32
	EndGlobalSection
	GlobalSection(SolutionProperties) = preSolution
		HideSolutionNode = FALSE
	EndGlobalSection
	GlobalSection(ExtensibilityGlobals) = postSolution
		SolutionGuid = {D4B95E23-5D5F-41C0-957B-80DFB617C43F}
	EndGlobalSection
EndGlobal
